
Microsoft Visual Studio Solution File, Format Version 12.00
# Visual Studio 15
VisualStudioVersion = 15.0.26730.15
MinimumVisualStudioVersion = 10.0.40219.1
Project("{FAE04EC0-301F-11D3-BF4B-00C04F79EFBC}") = "UnitTest", "UnitTest\UnitTest.csproj", "{F40AE78F-0E3D-4A42-A6E5-3EC85F2E4721}"
EndProject
Project("{FAE04EC0-301F-11D3-BF4B-00C04F79EFBC}") = "Guess_word_game", "Guess_word_game\Guess_word_game.csproj", "{BBB4FD54-C0DF-4AC9-9FD9-5D5E28B03869}"
EndProject
Global
	GlobalSection(SolutionConfigurationPlatforms) = preSolution
		Debug|Any CPU = Debug|Any CPU
		Release|Any CPU = Release|Any CPU
	EndGlobalSection
	GlobalSection(ProjectConfigurationPlatforms) = postSolution
		{F40AE78F-0E3D-4A42-A6E5-3EC85F2E4721}.Debug|Any CPU.ActiveCfg = Debug|Any CPU
		{F40AE78F-0E3D-4A42-A6E5-3EC85F2E4721}.Debug|Any CPU.Build.0 = Debug|Any CPU
		{F40AE78F-0E3D-4A42-A6E5-3EC85F2E4721}.Release|Any CPU.ActiveCfg = Release|Any CPU
		{F40AE78F-0E3D-4A42-A6E5-3EC85F2E4721}.Release|Any CPU.Build.0 = Release|Any CPU
		{BBB4FD54-C0DF-4AC9-9FD9-5D5E28B03869}.Debug|Any CPU.ActiveCfg = Debug|Any CPU
		{BBB4FD54-C0DF-4AC9-9FD9-5D5E28B03869}.Debug|Any CPU.Build.0 = Debug|Any CPU
		{BBB4FD54-C0DF-4AC9-9FD9-5D5E28B03869}.Release|Any CPU.ActiveCfg = Release|Any CPU
		{BBB4FD54-C0DF-4AC9-9FD9-5D5E28B03869}.Release|Any CPU.Build.0 = Release|Any CPU
	EndGlobalSection
	GlobalSection(SolutionProperties) = preSolution
		HideSolutionNode = FALSE
	EndGlobalSection
	GlobalSection(ExtensibilityGlobals) = postSolution
		SolutionGuid = {683F8AC9-1D94-414E-A66F-1CC82592AB5D}
	EndGlobalSection
EndGlobal
